
Microsoft Visual Studio Solution File, Format Version 12.00
# Visual Studio 15
VisualStudioVersion = 15.0.28307.489
MinimumVisualStudioVersion = 10.0.40219.1
Project("{FAE04EC0-301F-11D3-BF4B-00C04F79EFBC}") = "CarBot.Android", "CarBot\CarBot.Android\CarBot.Android.csproj", "{98768AE3-F334-451B-8D0D-23B4A6EE3A20}"
EndProject
Project("{FAE04EC0-301F-11D3-BF4B-00C04F79EFBC}") = "CarBot.iOS", "CarBot\CarBot.iOS\CarBot.iOS.csproj", "{02DB874C-78F0-4FFE-A554-690353A4BCC1}"
EndProject
Project("{FAE04EC0-301F-11D3-BF4B-00C04F79EFBC}") = "CarBot", "CarBot\CarBot\CarBot.csproj", "{1AE00BDC-0FED-45CE-BCF6-5AF6EE2D9B9A}"
EndProject
Global
	GlobalSection(SolutionConfigurationPlatforms) = preSolution
		Ad-Hoc|Any CPU = Ad-Hoc|Any CPU
		Ad-Hoc|iPhone = Ad-Hoc|iPhone
		Ad-Hoc|iPhoneSimulator = Ad-Hoc|iPhoneSimulator
		AppStore|Any CPU = AppStore|Any CPU
		AppStore|iPhone = AppStore|iPhone
		AppStore|iPhoneSimulator = AppStore|iPhoneSimulator
		Debug|Any CPU = Debug|Any CPU
		Debug|iPhone = Debug|iPhone
		Debug|iPhoneSimulator = Debug|iPhoneSimulator
		Release|Any CPU = Release|Any CPU
		Release|iPhone = Release|iPhone
		Release|iPhoneSimulator = Release|iPhoneSimulator
	EndGlobalSection
	GlobalSection(ProjectConfigurationPlatforms) = postSolution
		{98768AE3-F334-451B-8D0D-23B4A6EE3A20}.Ad-Hoc|Any CPU.ActiveCfg = Release|Any CPU
		{98768AE3-F334-451B-8D0D-23B4A6EE3A20}.Ad-Hoc|Any CPU.Build.0 = Release|Any CPU
		{98768AE3-F334-451B-8D0D-23B4A6EE3A20}.Ad-Hoc|Any CPU.Deploy.0 = Release|Any CPU
		{98768AE3-F334-451B-8D0D-23B4A6EE3A20}.Ad-Hoc|iPhone.ActiveCfg = Release|Any CPU
		{98768AE3-F334-451B-8D0D-23B4A6EE3A20}.Ad-Hoc|iPhone.Build.0 = Release|Any CPU
		{98768AE3-F334-451B-8D0D-23B4A6EE3A20}.Ad-Hoc|iPhone.Deploy.0 = Release|Any CPU
		{98768AE3-F334-451B-8D0D-23B4A6EE3A20}.Ad-Hoc|iPhoneSimulator.ActiveCfg = Release|Any CPU
		{98768AE3-F334-451B-8D0D-23B4A6EE3A20}.Ad-Hoc|iPhoneSimulator.Build.0 = Release|Any CPU
		{98768AE3-F334-451B-8D0D-23B4A6EE3A20}.Ad-Hoc|iPhoneSimulator.Deploy.0 = Release|Any CPU
		{98768AE3-F334-451B-8D0D-23B4A6EE3A20}.AppStore|Any CPU.ActiveCfg = Release|Any CPU
		{98768AE3-F334-451B-8D0D-23B4A6EE3A20}.AppStore|Any CPU.Build.0 = Release|Any CPU
		{98768AE3-F334-451B-8D0D-23B4A6EE3A20}.AppStore|Any CPU.Deploy.0 = Release|Any CPU
		{98768AE3-F334-451B-8D0D-23B4A6EE3A20}.AppStore|iPhone.ActiveCfg = Release|Any CPU
		{98768AE3-F334-451B-8D0D-23B4A6EE3A20}.AppStore|iPhone.Build.0 = Release|Any CPU
		{98768AE3-F334-451B-8D0D-23B4A6EE3A20}.AppStore|iPhone.Deploy.0 = Release|Any CPU
		{98768AE3-F334-451B-8D0D-23B4A6EE3A20}.AppStore|iPhoneSimulator.ActiveCfg = Release|Any CPU
		{98768AE3-F334-451B-8D0D-23B4A6EE3A20}.AppStore|iPhoneSimulator.Build.0 = Release|Any CPU
		{98768AE3-F334-451B-8D0D-23B4A6EE3A20}.AppStore|iPhoneSimulator.Deploy.0 = Release|Any CPU
		{98768AE3-F334-451B-8D0D-23B4A6EE3A20}.Debug|Any CPU.ActiveCfg = Debug|Any CPU
		{98768AE3-F334-451B-8D0D-23B4A6EE3A20}.Debug|Any CPU.Build.0 = Debug|Any CPU
		{98768AE3-F334-451B-8D0D-23B4A6EE3A20}.Debug|Any CPU.Deploy.0 = Debug|Any CPU
		{98768AE3-F334-451B-8D0D-23B4A6EE3A20}.Debug|iPhone.ActiveCfg = Debug|Any CPU
		{98768AE3-F334-451B-8D0D-23B4A6EE3A20}.Debug|iPhone.Build.0 = Debug|Any CPU
		{98768AE3-F334-451B-8D0D-23B4A6EE3A20}.Debug|iPhone.Deploy.0 = Debug|Any CPU
		{98768AE3-F334-451B-8D0D-23B4A6EE3A20}.Debug|iPhoneSimulator.ActiveCfg = Debug|Any CPU
		{98768AE3-F334-451B-8D0D-23B4A6EE3A20}.Debug|iPhoneSimulator.Build.0 = Debug|Any CPU
		{98768AE3-F334-451B-8D0D-23B4A6EE3A20}.Debug|iPhoneSimulator.Deploy.0 = Debug|Any CPU
		{98768AE3-F334-451B-8D0D-23B4A6EE3A20}.Release|Any CPU.ActiveCfg = Release|Any CPU
		{98768AE3-F334-451B-8D0D-23B4A6EE3A20}.Release|Any CPU.Build.0 = Release|Any CPU
		{98768AE3-F334-451B-8D0D-23B4A6EE3A20}.Release|Any CPU.Deploy.0 = Release|Any CPU
		{98768AE3-F334-451B-8D0D-23B4A6EE3A20}.Release|iPhone.ActiveCfg = Release|Any CPU
		{98768AE3-F334-451B-8D0D-23B4A6EE3A20}.Release|iPhone.Build.0 = Release|Any CPU
		{98768AE3-F334-451B-8D0D-23B4A6EE3A20}.Release|iPhone.Deploy.0 = Release|Any CPU
		{98768AE3-F334-451B-8D0D-23B4A6EE3A20}.Release|iPhoneSimulator.ActiveCfg = Release|Any CPU
		{98768AE3-F334-451B-8D0D-23B4A6EE3A20}.Release|iPhoneSimulator.Build.0 = Release|Any CPU
		{98768AE3-F334-451B-8D0D-23B4A6EE3A20}.Release|iPhoneSimulator.Deploy.0 = Release|Any CPU
		{02DB874C-78F0-4FFE-A554-690353A4BCC1}.Ad-Hoc|Any CPU.ActiveCfg = Ad-Hoc|iPhone
		{02DB874C-78F0-4FFE-A554-690353A4BCC1}.Ad-Hoc|Any CPU.Build.0 = Ad-Hoc|iPhone
		{02DB874C-78F0-4FFE-A554-690353A4BCC1}.Ad-Hoc|Any CPU.Deploy.0 = Ad-Hoc|iPhone
		{02DB874C-78F0-4FFE-A554-690353A4BCC1}.Ad-Hoc|iPhone.ActiveCfg = Ad-Hoc|iPhone
		{02DB874C-78F0-4FFE-A554-690353A4BCC1}.Ad-Hoc|iPhone.Build.0 = Ad-Hoc|iPhone
		{02DB874C-78F0-4FFE-A554-690353A4BCC1}.Ad-Hoc|iPhone.Deploy.0 = Ad-Hoc|iPhone
		{02DB874C-78F0-4FFE-A554-690353A4BCC1}.Ad-Hoc|iPhoneSimulator.ActiveCfg = Ad-Hoc|iPhoneSimulator
		{02DB874C-78F0-4FFE-A554-690353A4BCC1}.Ad-Hoc|iPhoneSimulator.Build.0 = Ad-Hoc|iPhoneSimulator
		{02DB874C-78F0-4FFE-A554-690353A4BCC1}.Ad-Hoc|iPhoneSimulator.Deploy.0 = Ad-Hoc|iPhoneSimulator
		{02DB874C-78F0-4FFE-A554-690353A4BCC1}.AppStore|Any CPU.ActiveCfg = AppStore|iPhone
		{02DB874C-78F0-4FFE-A554-690353A4BCC1}.AppStore|Any CPU.Build.0 = AppStore|iPhone
		{02DB874C-78F0-4FFE-A554-690353A4BCC1}.AppStore|Any CPU.Deploy.0 = AppStore|iPhone
		{02DB874C-78F0-4FFE-A554-690353A4BCC1}.AppStore|iPhone.ActiveCfg = AppStore|iPhone
		{02DB874C-78F0-4FFE-A554-690353A4BCC1}.AppStore|iPhone.Build.0 = AppStore|iPhone
		{02DB874C-78F0-4FFE-A554-690353A4BCC1}.AppStore|iPhone.Deploy.0 = AppStore|iPhone
		{02DB874C-78F0-4FFE-A554-690353A4BCC1}.AppStore|iPhoneSimulator.ActiveCfg = AppStore|iPhoneSimulator
		{02DB874C-78F0-4FFE-A554-690353A4BCC1}.AppStore|iPhoneSimulator.Build.0 = AppStore|iPhoneSimulator
		{02DB874C-78F0-4FFE-A554-690353A4BCC1}.AppStore|iPhoneSimulator.Deploy.0 = AppStore|iPhoneSimulator
		{02DB874C-78F0-4FFE-A554-690353A4BCC1}.Debug|Any CPU.ActiveCfg = Debug|iPhoneSimulator
		{02DB874C-78F0-4FFE-A554-690353A4BCC1}.Debug|Any CPU.Build.0 = Debug|iPhoneSimulator
		{02DB874C-78F0-4FFE-A554-690353A4BCC1}.Debug|Any CPU.Deploy.0 = Debug|iPhoneSimulator
		{02DB874C-78F0-4FFE-A554-690353A4BCC1}.Debug|iPhone.ActiveCfg = Debug|iPhone
		{02DB874C-78F0-4FFE-A554-690353A4BCC1}.Debug|iPhone.Build.0 = Debug|iPhone
		{02DB874C-78F0-4FFE-A554-690353A4BCC1}.Debug|iPhone.Deploy.0 = Debug|iPhone
		{02DB874C-78F0-4FFE-A554-690353A4BCC1}.Debug|iPhoneSimulator.ActiveCfg = Debug|iPhoneSimulator
		{02DB874C-78F0-4FFE-A554-690353A4BCC1}.Debug|iPhoneSimulator.Build.0 = Debug|iPhoneSimulator
		{02DB874C-78F0-4FFE-A554-690353A4BCC1}.Debug|iPhoneSimulator.Deploy.0 = Debug|iPhoneSimulator
		{02DB874C-78F0-4FFE-A554-690353A4BCC1}.Release|Any CPU.ActiveCfg = Release|iPhone
		{02DB874C-78F0-4FFE-A554-690353A4BCC1}.Release|Any CPU.Build.0 = Release|iPhone
		{02DB874C-78F0-4FFE-A554-690353A4BCC1}.Release|Any CPU.Deploy.0 = Release|iPhone
		{02DB874C-78F0-4FFE-A554-690353A4BCC1}.Release|iPhone.ActiveCfg = Release|iPhone
		{02DB874C-78F0-4FFE-A554-690353A4BCC1}.Release|iPhone.Build.0 = Release|iPhone
		{02DB874C-78F0-4FFE-A554-690353A4BCC1}.Release|iPhone.Deploy.0 = Release|iPhone
		{02DB874C-78F0-4FFE-A554-690353A4BCC1}.Release|iPhoneSimulator.ActiveCfg = Release|iPhoneSimulator
		{02DB874C-78F0-4FFE-A554-690353A4BCC1}.Release|iPhoneSimulator.Build.0 = Release|iPhoneSimulator
		{02DB874C-78F0-4FFE-A554-690353A4BCC1}.Release|iPhoneSimulator.Deploy.0 = Release|iPhoneSimulator
		{1AE00BDC-0FED-45CE-BCF6-5AF6EE2D9B9A}.Ad-Hoc|Any CPU.ActiveCfg = Debug|Any CPU
		{1AE00BDC-0FED-45CE-BCF6-5AF6EE2D9B9A}.Ad-Hoc|Any CPU.Build.0 = Debug|Any CPU
		{1AE00BDC-0FED-45CE-BCF6-5AF6EE2D9B9A}.Ad-Hoc|Any CPU.Deploy.0 = Debug|Any CPU
		{1AE00BDC-0FED-45CE-BCF6-5AF6EE2D9B9A}.Ad-Hoc|iPhone.ActiveCfg = Debug|Any CPU
		{1AE00BDC-0FED-45CE-BCF6-5AF6EE2D9B9A}.Ad-Hoc|iPhone.Build.0 = Debug|Any CPU
		{1AE00BDC-0FED-45CE-BCF6-5AF6EE2D9B9A}.Ad-Hoc|iPhone.Deploy.0 = Debug|Any CPU
		{1AE00BDC-0FED-45CE-BCF6-5AF6EE2D9B9A}.Ad-Hoc|iPhoneSimulator.ActiveCfg = Debug|Any CPU
		{1AE00BDC-0FED-45CE-BCF6-5AF6EE2D9B9A}.Ad-Hoc|iPhoneSimulator.Build.0 = Debug|Any CPU
		{1AE00BDC-0FED-45CE-BCF6-5AF6EE2D9B9A}.Ad-Hoc|iPhoneSimulator.Deploy.0 = Debug|Any CPU
		{1AE00BDC-0FED-45CE-BCF6-5AF6EE2D9B9A}.AppStore|Any CPU.ActiveCfg = Debug|Any CPU
		{1AE00BDC-0FED-45CE-BCF6-5AF6EE2D9B9A}.AppStore|Any CPU.Build.0 = Debug|Any CPU
		{1AE00BDC-0FED-45CE-BCF6-5AF6EE2D9B9A}.AppStore|Any CPU.Deploy.0 = Debug|Any CPU
		{1AE00BDC-0FED-45CE-BCF6-5AF6EE2D9B9A}.AppStore|iPhone.ActiveCfg = Debug|Any CPU
		{1AE00BDC-0FED-45CE-BCF6-5AF6EE2D9B9A}.AppStore|iPhone.Build.0 = Debug|Any CPU
		{1AE00BDC-0FED-45CE-BCF6-5AF6EE2D9B9A}.AppStore|iPhone.Deploy.0 = Debug|Any CPU
		{1AE00BDC-0FED-45CE-BCF6-5AF6EE2D9B9A}.AppStore|iPhoneSimulator.ActiveCfg = Debug|Any CPU
		{1AE00BDC-0FED-45CE-BCF6-5AF6EE2D9B9A}.AppStore|iPhoneSimulator.Build.0 = Debug|Any CPU
		{1AE00BDC-0FED-45CE-BCF6-5AF6EE2D9B9A}.AppStore|iPhoneSimulator.Deploy.0 = Debug|Any CPU
		{1AE00BDC-0FED-45CE-BCF6-5AF6EE2D9B9A}.Debug|Any CPU.ActiveCfg = Debug|Any CPU
		{1AE00BDC-0FED-45CE-BCF6-5AF6EE2D9B9A}.Debug|Any CPU.Build.0 = Debug|Any CPU
		{1AE00BDC-0FED-45CE-BCF6-5AF6EE2D9B9A}.Debug|Any CPU.Deploy.0 = Debug|Any CPU
		{1AE00BDC-0FED-45CE-BCF6-5AF6EE2D9B9A}.Debug|iPhone.ActiveCfg = Debug|Any CPU
		{1AE00BDC-0FED-45CE-BCF6-5AF6EE2D9B9A}.Debug|iPhone.Build.0 = Debug|Any CPU
		{1AE00BDC-0FED-45CE-BCF6-5AF6EE2D9B9A}.Debug|iPhone.Deploy.0 = Debug|Any CPU
		{1AE00BDC-0FED-45CE-BCF6-5AF6EE2D9B9A}.Debug|iPhoneSimulator.ActiveCfg = Debug|Any CPU
		{1AE00BDC-0FED-45CE-BCF6-5AF6EE2D9B9A}.Debug|iPhoneSimulator.Build.0 = Debug|Any CPU
		{1AE00BDC-0FED-45CE-BCF6-5AF6EE2D9B9A}.Debug|iPhoneSimulator.Deploy.0 = Debug|Any CPU
		{1AE00BDC-0FED-45CE-BCF6-5AF6EE2D9B9A}.Release|Any CPU.ActiveCfg = Release|Any CPU
		{1AE00BDC-0FED-45CE-BCF6-5AF6EE2D9B9A}.Release|Any CPU.Build.0 = Release|Any CPU
		{1AE00BDC-0FED-45CE-BCF6-5AF6EE2D9B9A}.Release|Any CPU.Deploy.0 = Release|Any CPU
		{1AE00BDC-0FED-45CE-BCF6-5AF6EE2D9B9A}.Release|iPhone.ActiveCfg = Release|Any CPU
		{1AE00BDC-0FED-45CE-BCF6-5AF6EE2D9B9A}.Release|iPhone.Build.0 = Release|Any CPU
		{1AE00BDC-0FED-45CE-BCF6-5AF6EE2D9B9A}.Release|iPhone.Deploy.0 = Release|Any CPU
		{1AE00BDC-0FED-45CE-BCF6-5AF6EE2D9B9A}.Release|iPhoneSimulator.ActiveCfg = Release|Any CPU
		{1AE00BDC-0FED-45CE-BCF6-5AF6EE2D9B9A}.Release|iPhoneSimulator.Build.0 = Release|Any CPU
		{1AE00BDC-0FED-45CE-BCF6-5AF6EE2D9B9A}.Release|iPhoneSimulator.Deploy.0 = Release|Any CPU
	EndGlobalSection
	GlobalSection(SolutionProperties) = preSolution
		HideSolutionNode = FALSE
	EndGlobalSection
	GlobalSection(ExtensibilityGlobals) = postSolution
		SolutionGuid = {C2FA26B6-AD1D-4B96-AE17-982BA50C8B24}
	EndGlobalSection
EndGlobal
